
Microsoft Visual Studio Solution File, Format Version 12.00
# Visual Studio Version 17
VisualStudioVersion = 17.3.32825.248
MinimumVisualStudioVersion = 10.0.40219.1
Project("{FAE04EC0-301F-11D3-BF4B-00C04F79EFBC}") = "TripLog.Android", "TripLog.Android\TripLog.Android.csproj", "{7FCACD30-75C3-46D9-92E3-CD862EBE54CA}"
EndProject
Project("{FAE04EC0-301F-11D3-BF4B-00C04F79EFBC}") = "TripLog.iOS", "TripLog.iOS\TripLog.iOS.csproj", "{359EC9F4-03B0-4405-950C-8E995A507D35}"
EndProject
Project("{FAE04EC0-301F-11D3-BF4B-00C04F79EFBC}") = "TripLog", "TripLog\TripLog.csproj", "{93AE6A4B-D0D0-4106-9311-C000A29017A5}"
EndProject
Global
	GlobalSection(SolutionConfigurationPlatforms) = preSolution
		Debug|Any CPU = Debug|Any CPU
		Debug|iPhone = Debug|iPhone
		Debug|iPhoneSimulator = Debug|iPhoneSimulator
		Release|Any CPU = Release|Any CPU
		Release|iPhone = Release|iPhone
		Release|iPhoneSimulator = Release|iPhoneSimulator
	EndGlobalSection
	GlobalSection(ProjectConfigurationPlatforms) = postSolution
		{7FCACD30-75C3-46D9-92E3-CD862EBE54CA}.Debug|Any CPU.ActiveCfg = Debug|Any CPU
		{7FCACD30-75C3-46D9-92E3-CD862EBE54CA}.Debug|Any CPU.Build.0 = Debug|Any CPU
		{7FCACD30-75C3-46D9-92E3-CD862EBE54CA}.Debug|Any CPU.Deploy.0 = Debug|Any CPU
		{7FCACD30-75C3-46D9-92E3-CD862EBE54CA}.Debug|iPhone.ActiveCfg = Debug|Any CPU
		{7FCACD30-75C3-46D9-92E3-CD862EBE54CA}.Debug|iPhone.Build.0 = Debug|Any CPU
		{7FCACD30-75C3-46D9-92E3-CD862EBE54CA}.Debug|iPhone.Deploy.0 = Debug|Any CPU
		{7FCACD30-75C3-46D9-92E3-CD862EBE54CA}.Debug|iPhoneSimulator.ActiveCfg = Debug|Any CPU
		{7FCACD30-75C3-46D9-92E3-CD862EBE54CA}.Debug|iPhoneSimulator.Build.0 = Debug|Any CPU
		{7FCACD30-75C3-46D9-92E3-CD862EBE54CA}.Debug|iPhoneSimulator.Deploy.0 = Debug|Any CPU
		{7FCACD30-75C3-46D9-92E3-CD862EBE54CA}.Release|Any CPU.ActiveCfg = Release|Any CPU
		{7FCACD30-75C3-46D9-92E3-CD862EBE54CA}.Release|Any CPU.Build.0 = Release|Any CPU
		{7FCACD30-75C3-46D9-92E3-CD862EBE54CA}.Release|Any CPU.Deploy.0 = Release|Any CPU
		{7FCACD30-75C3-46D9-92E3-CD862EBE54CA}.Release|iPhone.ActiveCfg = Release|Any CPU
		{7FCACD30-75C3-46D9-92E3-CD862EBE54CA}.Release|iPhone.Build.0 = Release|Any CPU
		{7FCACD30-75C3-46D9-92E3-CD862EBE54CA}.Release|iPhone.Deploy.0 = Release|Any CPU
		{7FCACD30-75C3-46D9-92E3-CD862EBE54CA}.Release|iPhoneSimulator.ActiveCfg = Release|Any CPU
		{7FCACD30-75C3-46D9-92E3-CD862EBE54CA}.Release|iPhoneSimulator.Build.0 = Release|Any CPU
		{7FCACD30-75C3-46D9-92E3-CD862EBE54CA}.Release|iPhoneSimulator.Deploy.0 = Release|Any CPU
		{359EC9F4-03B0-4405-950C-8E995A507D35}.Debug|Any CPU.ActiveCfg = Debug|iPhone
		{359EC9F4-03B0-4405-950C-8E995A507D35}.Debug|Any CPU.Build.0 = Debug|iPhone
		{359EC9F4-03B0-4405-950C-8E995A507D35}.Debug|Any CPU.Deploy.0 = Debug|iPhone
		{359EC9F4-03B0-4405-950C-8E995A507D35}.Debug|iPhone.ActiveCfg = Debug|iPhone
		{359EC9F4-03B0-4405-950C-8E995A507D35}.Debug|iPhone.Build.0 = Debug|iPhone
		{359EC9F4-03B0-4405-950C-8E995A507D35}.Debug|iPhone.Deploy.0 = Debug|iPhone
		{359EC9F4-03B0-4405-950C-8E995A507D35}.Debug|iPhoneSimulator.ActiveCfg = Debug|iPhoneSimulator
		{359EC9F4-03B0-4405-950C-8E995A507D35}.Debug|iPhoneSimulator.Build.0 = Debug|iPhoneSimulator
		{359EC9F4-03B0-4405-950C-8E995A507D35}.Debug|iPhoneSimulator.Deploy.0 = Debug|iPhoneSimulator
		{359EC9F4-03B0-4405-950C-8E995A507D35}.Release|Any CPU.ActiveCfg = Release|iPhoneSimulator
		{359EC9F4-03B0-4405-950C-8E995A507D35}.Release|Any CPU.Build.0 = Release|iPhoneSimulator
		{359EC9F4-03B0-4405-950C-8E995A507D35}.Release|Any CPU.Deploy.0 = Release|iPhoneSimulator
		{359EC9F4-03B0-4405-950C-8E995A507D35}.Release|iPhone.ActiveCfg = Release|iPhone
		{359EC9F4-03B0-4405-950C-8E995A507D35}.Release|iPhone.Build.0 = Release|iPhone
		{359EC9F4-03B0-4405-950C-8E995A507D35}.Release|iPhone.Deploy.0 = Release|iPhone
		{359EC9F4-03B0-4405-950C-8E995A507D35}.Release|iPhoneSimulator.ActiveCfg = Release|iPhoneSimulator
		{359EC9F4-03B0-4405-950C-8E995A507D35}.Release|iPhoneSimulator.Build.0 = Release|iPhoneSimulator
		{359EC9F4-03B0-4405-950C-8E995A507D35}.Release|iPhoneSimulator.Deploy.0 = Release|iPhoneSimulator
		{93AE6A4B-D0D0-4106-9311-C000A29017A5}.Debug|Any CPU.ActiveCfg = Debug|Any CPU
		{93AE6A4B-D0D0-4106-9311-C000A29017A5}.Debug|Any CPU.Build.0 = Debug|Any CPU
		{93AE6A4B-D0D0-4106-9311-C000A29017A5}.Debug|Any CPU.Deploy.0 = Debug|Any CPU
		{93AE6A4B-D0D0-4106-9311-C000A29017A5}.Debug|iPhone.ActiveCfg = Debug|Any CPU
		{93AE6A4B-D0D0-4106-9311-C000A29017A5}.Debug|iPhone.Build.0 = Debug|Any CPU
		{93AE6A4B-D0D0-4106-9311-C000A29017A5}.Debug|iPhone.Deploy.0 = Debug|Any CPU
		{93AE6A4B-D0D0-4106-9311-C000A29017A5}.Debug|iPhoneSimulator.ActiveCfg = Debug|Any CPU
		{93AE6A4B-D0D0-4106-9311-C000A29017A5}.Debug|iPhoneSimulator.Build.0 = Debug|Any CPU
		{93AE6A4B-D0D0-4106-9311-C000A29017A5}.Debug|iPhoneSimulator.Deploy.0 = Debug|Any CPU
		{93AE6A4B-D0D0-4106-9311-C000A29017A5}.Release|Any CPU.ActiveCfg = Release|Any CPU
		{93AE6A4B-D0D0-4106-9311-C000A29017A5}.Release|Any CPU.Build.0 = Release|Any CPU
		{93AE6A4B-D0D0-4106-9311-C000A29017A5}.Release|Any CPU.Deploy.0 = Release|Any CPU
		{93AE6A4B-D0D0-4106-9311-C000A29017A5}.Release|iPhone.ActiveCfg = Release|Any CPU
		{93AE6A4B-D0D0-4106-9311-C000A29017A5}.Release|iPhone.Build.0 = Release|Any CPU
		{93AE6A4B-D0D0-4106-9311-C000A29017A5}.Release|iPhone.Deploy.0 = Release|Any CPU
		{93AE6A4B-D0D0-4106-9311-C000A29017A5}.Release|iPhoneSimulator.ActiveCfg = Release|Any CPU
		{93AE6A4B-D0D0-4106-9311-C000A29017A5}.Release|iPhoneSimulator.Build.0 = Release|Any CPU
		{93AE6A4B-D0D0-4106-9311-C000A29017A5}.Release|iPhoneSimulator.Deploy.0 = Release|Any CPU
	EndGlobalSection
	GlobalSection(SolutionProperties) = preSolution
		HideSolutionNode = FALSE
	EndGlobalSection
	GlobalSection(ExtensibilityGlobals) = postSolution
		SolutionGuid = {74BD54D1-8A5E-45EA-BD1C-922C9C006590}
	EndGlobalSection
EndGlobal
